
Microsoft Visual Studio Solution File, Format Version 12.00
# Visual Studio Version 16
VisualStudioVersion = 16.0.29326.143
MinimumVisualStudioVersion = 10.0.40219.1
Project("{FAE04EC0-301F-11D3-BF4B-00C04F79EFBC}") = "Simulation", "Simulation\Simulation.csproj", "{EA53DE90-0ED3-41A3-9E98-68A4017EA673}"
EndProject
Global
	GlobalSection(SolutionConfigurationPlatforms) = preSolution
		Debug|Any CPU = Debug|Any CPU
		Release|Any CPU = Release|Any CPU
	EndGlobalSection
	GlobalSection(ProjectConfigurationPlatforms) = postSolution
		{EA53DE90-0ED3-41A3-9E98-68A4017EA673}.Debug|Any CPU.ActiveCfg = Debug|Any CPU
		{EA53DE90-0ED3-41A3-9E98-68A4017EA673}.Debug|Any CPU.Build.0 = Debug|Any CPU
		{EA53DE90-0ED3-41A3-9E98-68A4017EA673}.Release|Any CPU.ActiveCfg = Release|Any CPU
		{EA53DE90-0ED3-41A3-9E98-68A4017EA673}.Release|Any CPU.Build.0 = Release|Any CPU
	EndGlobalSection
	GlobalSection(SolutionProperties) = preSolution
		HideSolutionNode = FALSE
	EndGlobalSection
	GlobalSection(ExtensibilityGlobals) = postSolution
		SolutionGuid = {E3EFFCE1-421C-4615-8F66-568DA7B9C27B}
	EndGlobalSection
EndGlobal
